
Microsoft Visual Studio Solution File, Format Version 12.00
# Visual Studio Version 17
VisualStudioVersion = 17.2.32630.192
MinimumVisualStudioVersion = 10.0.40219.1
Project("{9A19103F-16F7-4668-BE54-9A1E7A4F7556}") = "VolkDiet", "Web\VolkDiet.csproj", "{C7AF46A7-9E61-4CFA-AC92-137B144E1924}"
EndProject
Project("{9A19103F-16F7-4668-BE54-9A1E7A4F7556}") = "VolkDiet.Core", "VolkDiet.Core\VolkDiet.Core.csproj", "{8793D0C2-681A-47A0-BCFD-C4C15D4CCDB6}"
EndProject
Project("{FAE04EC0-301F-11D3-BF4B-00C04F79EFBC}") = "VolkDiet.WebCore", "VolkDiet.WebCore\VolkDiet.WebCore.csproj", "{82A06508-FAFB-4772-A814-96242B85DCBE}"
EndProject
Global
	GlobalSection(SolutionConfigurationPlatforms) = preSolution
		Debug|Any CPU = Debug|Any CPU
		Release|Any CPU = Release|Any CPU
	EndGlobalSection
	GlobalSection(ProjectConfigurationPlatforms) = postSolution
		{C7AF46A7-9E61-4CFA-AC92-137B144E1924}.Debug|Any CPU.ActiveCfg = Debug|Any CPU
		{C7AF46A7-9E61-4CFA-AC92-137B144E1924}.Debug|Any CPU.Build.0 = Debug|Any CPU
		{C7AF46A7-9E61-4CFA-AC92-137B144E1924}.Release|Any CPU.ActiveCfg = Release|Any CPU
		{C7AF46A7-9E61-4CFA-AC92-137B144E1924}.Release|Any CPU.Build.0 = Release|Any CPU
		{8793D0C2-681A-47A0-BCFD-C4C15D4CCDB6}.Debug|Any CPU.ActiveCfg = Debug|Any CPU
		{8793D0C2-681A-47A0-BCFD-C4C15D4CCDB6}.Debug|Any CPU.Build.0 = Debug|Any CPU
		{8793D0C2-681A-47A0-BCFD-C4C15D4CCDB6}.Release|Any CPU.ActiveCfg = Release|Any CPU
		{8793D0C2-681A-47A0-BCFD-C4C15D4CCDB6}.Release|Any CPU.Build.0 = Release|Any CPU
		{82A06508-FAFB-4772-A814-96242B85DCBE}.Debug|Any CPU.ActiveCfg = Debug|Any CPU
		{82A06508-FAFB-4772-A814-96242B85DCBE}.Debug|Any CPU.Build.0 = Debug|Any CPU
		{82A06508-FAFB-4772-A814-96242B85DCBE}.Release|Any CPU.ActiveCfg = Release|Any CPU
		{82A06508-FAFB-4772-A814-96242B85DCBE}.Release|Any CPU.Build.0 = Release|Any CPU
	EndGlobalSection
	GlobalSection(SolutionProperties) = preSolution
		HideSolutionNode = FALSE
	EndGlobalSection
	GlobalSection(ExtensibilityGlobals) = postSolution
		SolutionGuid = {02481774-8F98-4CD7-ACAB-9D784458D1B7}
	EndGlobalSection
EndGlobal
